// !$*UTF8*$!
{
	archiveVersion = 1;
	classes = {
	};
	objectVersion = 55;
	objects = {

/* Begin PBXBuildFile section */
		DD1EACDD283F4AA700EDAAF6 /* AppDelegate.swift in Sources */ = {isa = PBXBuildFile; fileRef = DD1EACDC283F4AA700EDAAF6 /* AppDelegate.swift */; };
		DD1EACDF283F4AA700EDAAF6 /* SceneDelegate.swift in Sources */ = {isa = PBXBuildFile; fileRef = DD1EACDE283F4AA700EDAAF6 /* SceneDelegate.swift */; };
		DD1EACE1283F4AA700EDAAF6 /* LoginViewController.swift in Sources */ = {isa = PBXBuildFile; fileRef = DD1EACE0283F4AA700EDAAF6 /* LoginViewController.swift */; };
		DD1EACE6283F4AA800EDAAF6 /* Assets.xcassets in Resources */ = {isa = PBXBuildFile; fileRef = DD1EACE5283F4AA800EDAAF6 /* Assets.xcassets */; };
		DD1EACE9283F4AA800EDAAF6 /* LaunchScreen.storyboard in Resources */ = {isa = PBXBuildFile; fileRef = DD1EACE7283F4AA800EDAAF6 /* LaunchScreen.storyboard */; };
		DD1EACF7283F4C6800EDAAF6 /* LoginScreen.swift in Sources */ = {isa = PBXBuildFile; fileRef = DD1EACF6283F4C6800EDAAF6 /* LoginScreen.swift */; };
		DD2E5DD2284483F00097347C /* GoogleService-Info.plist in Resources */ = {isa = PBXBuildFile; fileRef = DD2E5DD1284483F00097347C /* GoogleService-Info.plist */; };
		DD36EC4E284AF53D0027CB22 /* HomeScreen.swift in Sources */ = {isa = PBXBuildFile; fileRef = DD36EC4D284AF53D0027CB22 /* HomeScreen.swift */; };
		DD36EC50284AF5780027CB22 /* HomeViewController.swift in Sources */ = {isa = PBXBuildFile; fileRef = DD36EC4F284AF5780027CB22 /* HomeViewController.swift */; };
		DD669787283F76DE00C7D551 /* RegisterScreen.swift in Sources */ = {isa = PBXBuildFile; fileRef = DD669786283F76DE00C7D551 /* RegisterScreen.swift */; };
		DD669789283F76FC00C7D551 /* RegisterViewController.swift in Sources */ = {isa = PBXBuildFile; fileRef = DD669788283F76FC00C7D551 /* RegisterViewController.swift */; };
		DD8AA0442845938800962CC5 /* Alert.swift in Sources */ = {isa = PBXBuildFile; fileRef = DD8AA0432845938800962CC5 /* Alert.swift */; };
		F81BA097C6F39E769D0435FD /* Pods_MessageApp.framework in Frameworks */ = {isa = PBXBuildFile; fileRef = 982553A773912E869FECD3DD /* Pods_MessageApp.framework */; };
/* End PBXBuildFile section */

/* Begin PBXFileReference section */
		68A47A0CD66B0AD7517230B6 /* Pods-MessageApp.release.xcconfig */ = {isa = PBXFileReference; includeInIndex = 1; lastKnownFileType = text.xcconfig; name = "Pods-MessageApp.release.xcconfig"; path = "Target Support Files/Pods-MessageApp/Pods-MessageApp.release.xcconfig"; sourceTree = "<group>"; };
		982553A773912E869FECD3DD /* Pods_MessageApp.framework */ = {isa = PBXFileReference; explicitFileType = wrapper.framework; includeInIndex = 0; path = Pods_MessageApp.framework; sourceTree = BUILT_PRODUCTS_DIR; };
		DD1EACD9283F4AA700EDAAF6 /* MessageApp.app */ = {isa = PBXFileReference; explicitFileType = wrapper.application; includeInIndex = 0; path = MessageApp.app; sourceTree = BUILT_PRODUCTS_DIR; };
		DD1EACDC283F4AA700EDAAF6 /* AppDelegate.swift */ = {isa = PBXFileReference; lastKnownFileType = sourcecode.swift; path = AppDelegate.swift; sourceTree = "<group>"; };
		DD1EACDE283F4AA700EDAAF6 /* SceneDelegate.swift */ = {isa = PBXFileReference; lastKnownFileType = sourcecode.swift; path = SceneDelegate.swift; sourceTree = "<group>"; };
		DD1EACE0283F4AA700EDAAF6 /* LoginViewController.swift */ = {isa = PBXFileReference; lastKnownFileType = sourcecode.swift; path = LoginViewController.swift; sourceTree = "<group>"; };
		DD1EACE5283F4AA800EDAAF6 /* Assets.xcassets */ = {isa = PBXFileReference; lastKnownFileType = folder.assetcatalog; path = Assets.xcassets; sourceTree = "<group>"; };
		DD1EACE8283F4AA800EDAAF6 /* Base */ = {isa = PBXFileReference; lastKnownFileType = file.storyboard; name = Base; path = Base.lproj/LaunchScreen.storyboard; sourceTree = "<group>"; };
		DD1EACEA283F4AA800EDAAF6 /* Info.plist */ = {isa = PBXFileReference; lastKnownFileType = text.plist.xml; path = Info.plist; sourceTree = "<group>"; };
		DD1EACF6283F4C6800EDAAF6 /* LoginScreen.swift */ = {isa = PBXFileReference; lastKnownFileType = sourcecode.swift; path = LoginScreen.swift; sourceTree = "<group>"; };
		DD2E5DD1284483F00097347C /* GoogleService-Info.plist */ = {isa = PBXFileReference; fileEncoding = 4; lastKnownFileType = text.plist.xml; path = "GoogleService-Info.plist"; sourceTree = "<group>"; };
		DD36EC4D284AF53D0027CB22 /* HomeScreen.swift */ = {isa = PBXFileReference; lastKnownFileType = sourcecode.swift; path = HomeScreen.swift; sourceTree = "<group>"; };
		DD36EC4F284AF5780027CB22 /* HomeViewController.swift */ = {isa = PBXFileReference; lastKnownFileType = sourcecode.swift; path = HomeViewController.swift; sourceTree = "<group>"; };
		DD669786283F76DE00C7D551 /* RegisterScreen.swift */ = {isa = PBXFileReference; lastKnownFileType = sourcecode.swift; path = RegisterScreen.swift; sourceTree = "<group>"; };
		DD669788283F76FC00C7D551 /* RegisterViewController.swift */ = {isa = PBXFileReference; lastKnownFileType = sourcecode.swift; path = RegisterViewController.swift; sourceTree = "<group>"; };
		DD8AA0432845938800962CC5 /* Alert.swift */ = {isa = PBXFileReference; lastKnownFileType = sourcecode.swift; path = Alert.swift; sourceTree = "<group>"; };
		EFAF2B00F0319056915A2CE5 /* Pods-MessageApp.debug.xcconfig */ = {isa = PBXFileReference; includeInIndex = 1; lastKnownFileType = text.xcconfig; name = "Pods-MessageApp.debug.xcconfig"; path = "Target Support Files/Pods-MessageApp/Pods-MessageApp.debug.xcconfig"; sourceTree = "<group>"; };
/* End PBXFileReference section */

/* Begin PBXFrameworksBuildPhase section */
		DD1EACD6283F4AA700EDAAF6 /* Frameworks */ = {
			isa = PBXFrameworksBuildPhase;
			buildActionMask = 2147483647;
			files = (
				F81BA097C6F39E769D0435FD /* Pods_MessageApp.framework in Frameworks */,
			);
			runOnlyForDeploymentPostprocessing = 0;
		};
/* End PBXFrameworksBuildPhase section */

/* Begin PBXGroup section */
		72B1F221A79913F6B30FD4B8 /* Frameworks */ = {
			isa = PBXGroup;
			children = (
				982553A773912E869FECD3DD /* Pods_MessageApp.framework */,
			);
			name = Frameworks;
			sourceTree = "<group>";
		};
		DD1EACD0283F4AA700EDAAF6 = {
			isa = PBXGroup;
			children = (
				DD1EACDB283F4AA700EDAAF6 /* MessageApp */,
				DD1EACDA283F4AA700EDAAF6 /* Products */,
				FE628A4479DCF2D0C9658D9F /* Pods */,
				72B1F221A79913F6B30FD4B8 /* Frameworks */,
			);
			sourceTree = "<group>";
		};
		DD1EACDA283F4AA700EDAAF6 /* Products */ = {
			isa = PBXGroup;
			children = (
				DD1EACD9283F4AA700EDAAF6 /* MessageApp.app */,
			);
			name = Products;
			sourceTree = "<group>";
		};
		DD1EACDB283F4AA700EDAAF6 /* MessageApp */ = {
			isa = PBXGroup;
			children = (
				DD8AA0422845936000962CC5 /* Alerts */,
				DD1EACF0283F4BA600EDAAF6 /* Login */,
				DD1EACF1283F4BB500EDAAF6 /* Register */,
				DD36EC4A284AF4B80027CB22 /* Home */,
				DD1EACDC283F4AA700EDAAF6 /* AppDelegate.swift */,
				DD1EACDE283F4AA700EDAAF6 /* SceneDelegate.swift */,
				DD1EACE5283F4AA800EDAAF6 /* Assets.xcassets */,
				DD1EACE7283F4AA800EDAAF6 /* LaunchScreen.storyboard */,
				DD1EACEA283F4AA800EDAAF6 /* Info.plist */,
				DD2E5DD1284483F00097347C /* GoogleService-Info.plist */,
			);
			path = MessageApp;
			sourceTree = "<group>";
		};
		DD1EACF0283F4BA600EDAAF6 /* Login */ = {
			isa = PBXGroup;
			children = (
				DD1EACF4283F4BD000EDAAF6 /* Screen */,
				DD1EACF5283F4BD600EDAAF6 /* ViewController */,
			);
			path = Login;
			sourceTree = "<group>";
		};
		DD1EACF1283F4BB500EDAAF6 /* Register */ = {
			isa = PBXGroup;
			children = (
				DD1EACF2283F4BBD00EDAAF6 /* Screen */,
				DD1EACF3283F4BC300EDAAF6 /* ViewConctroller */,
			);
			path = Register;
			sourceTree = "<group>";
		};
		DD1EACF2283F4BBD00EDAAF6 /* Screen */ = {
			isa = PBXGroup;
			children = (
				DD669786283F76DE00C7D551 /* RegisterScreen.swift */,
			);
			path = Screen;
			sourceTree = "<group>";
		};
		DD1EACF3283F4BC300EDAAF6 /* ViewConctroller */ = {
			isa = PBXGroup;
			children = (
				DD669788283F76FC00C7D551 /* RegisterViewController.swift */,
			);
			path = ViewConctroller;
			sourceTree = "<group>";
		};
		DD1EACF4283F4BD000EDAAF6 /* Screen */ = {
			isa = PBXGroup;
			children = (
				DD1EACF6283F4C6800EDAAF6 /* LoginScreen.swift */,
			);
			path = Screen;
			sourceTree = "<group>";
		};
		DD1EACF5283F4BD600EDAAF6 /* ViewController */ = {
			isa = PBXGroup;
			children = (
				DD1EACE0283F4AA700EDAAF6 /* LoginViewController.swift */,
			);
			path = ViewController;
			sourceTree = "<group>";
		};
		DD36EC4A284AF4B80027CB22 /* Home */ = {
			isa = PBXGroup;
			children = (
				DD36EC4C284AF4E20027CB22 /* ViewController */,
				DD36EC4B284AF4D10027CB22 /* Screen */,
			);
			path = Home;
			sourceTree = "<group>";
		};
		DD36EC4B284AF4D10027CB22 /* Screen */ = {
			isa = PBXGroup;
			children = (
				DD36EC4D284AF53D0027CB22 /* HomeScreen.swift */,
			);
			path = Screen;
			sourceTree = "<group>";
		};
		DD36EC4C284AF4E20027CB22 /* ViewController */ = {
			isa = PBXGroup;
			children = (
				DD36EC4F284AF5780027CB22 /* HomeViewController.swift */,
			);
			path = ViewController;
			sourceTree = "<group>";
		};
		DD8AA0422845936000962CC5 /* Alerts */ = {
			isa = PBXGroup;
			children = (
				DD8AA0432845938800962CC5 /* Alert.swift */,
			);
			path = Alerts;
			sourceTree = "<group>";
		};
		FE628A4479DCF2D0C9658D9F /* Pods */ = {
			isa = PBXGroup;
			children = (
				EFAF2B00F0319056915A2CE5 /* Pods-MessageApp.debug.xcconfig */,
				68A47A0CD66B0AD7517230B6 /* Pods-MessageApp.release.xcconfig */,
			);
			path = Pods;
			sourceTree = "<group>";
		};
/* End PBXGroup section */

/* Begin PBXNativeTarget section */
		DD1EACD8283F4AA700EDAAF6 /* MessageApp */ = {
			isa = PBXNativeTarget;
			buildConfigurationList = DD1EACED283F4AA800EDAAF6 /* Build configuration list for PBXNativeTarget "MessageApp" */;
			buildPhases = (
				65704D7E1FD50B489872AE5C /* [CP] Check Pods Manifest.lock */,
				DD1EACD5283F4AA700EDAAF6 /* Sources */,
				DD1EACD6283F4AA700EDAAF6 /* Frameworks */,
				DD1EACD7283F4AA700EDAAF6 /* Resources */,
				04308BF5AC3342AD6EC6F3B6 /* [CP] Embed Pods Frameworks */,
			);
			buildRules = (
			);
			dependencies = (
			);
			name = MessageApp;
			productName = MessageApp;
			productReference = DD1EACD9283F4AA700EDAAF6 /* MessageApp.app */;
			productType = "com.apple.product-type.application";
		};
/* End PBXNativeTarget section */

/* Begin PBXProject section */
		DD1EACD1283F4AA700EDAAF6 /* Project object */ = {
			isa = PBXProject;
			attributes = {
				BuildIndependentTargetsInParallel = 1;
				LastSwiftUpdateCheck = 1330;
				LastUpgradeCheck = 1330;
				TargetAttributes = {
					DD1EACD8283F4AA700EDAAF6 = {
						CreatedOnToolsVersion = 13.3;
					};
				};
			};
			buildConfigurationList = DD1EACD4283F4AA700EDAAF6 /* Build configuration list for PBXProject "MessageApp" */;
			compatibilityVersion = "Xcode 13.0";
			developmentRegion = en;
			hasScannedForEncodings = 0;
			knownRegions = (
				en,
				Base,
			);
			mainGroup = DD1EACD0283F4AA700EDAAF6;
			productRefGroup = DD1EACDA283F4AA700EDAAF6 /* Products */;
			projectDirPath = "";
			projectRoot = "";
			targets = (
				DD1EACD8283F4AA700EDAAF6 /* MessageApp */,
			);
		};
/* End PBXProject section */

/* Begin PBXResourcesBuildPhase section */
		DD1EACD7283F4AA700EDAAF6 /* Resources */ = {
			isa = PBXResourcesBuildPhase;
			buildActionMask = 2147483647;
			files = (
				DD1EACE9283F4AA800EDAAF6 /* LaunchScreen.storyboard in Resources */,
				DD2E5DD2284483F00097347C /* GoogleService-Info.plist in Resources */,
				DD1EACE6283F4AA800EDAAF6 /* Assets.xcassets in Resources */,
			);
			runOnlyForDeploymentPostprocessing = 0;
		};
/* End PBXResourcesBuildPhase section */

/* Begin PBXShellScriptBuildPhase section */
		04308BF5AC3342AD6EC6F3B6 /* [CP] Embed Pods Frameworks */ = {
			isa = PBXShellScriptBuildPhase;
			buildActionMask = 2147483647;
			files = (
			);
			inputFileListPaths = (
				"${PODS_ROOT}/Target Support Files/Pods-MessageApp/Pods-MessageApp-frameworks-${CONFIGURATION}-input-files.xcfilelist",
			);
			name = "[CP] Embed Pods Frameworks";
			outputFileListPaths = (
				"${PODS_ROOT}/Target Support Files/Pods-MessageApp/Pods-MessageApp-frameworks-${CONFIGURATION}-output-files.xcfilelist",
			);
			runOnlyForDeploymentPostprocessing = 0;
			shellPath = /bin/sh;
			shellScript = "\"${PODS_ROOT}/Target Support Files/Pods-MessageApp/Pods-MessageApp-frameworks.sh\"\n";
			showEnvVarsInLog = 0;
		};
		65704D7E1FD50B489872AE5C /* [CP] Check Pods Manifest.lock */ = {
			isa = PBXShellScriptBuildPhase;
			buildActionMask = 2147483647;
			files = (
			);
			inputFileListPaths = (
			);
			inputPaths = (
				"${PODS_PODFILE_DIR_PATH}/Podfile.lock",
				"${PODS_ROOT}/Manifest.lock",
			);
			name = "[CP] Check Pods Manifest.lock";
			outputFileListPaths = (
			);
			outputPaths = (
				"$(DERIVED_FILE_DIR)/Pods-MessageApp-checkManifestLockResult.txt",
			);
			runOnlyForDeploymentPostprocessing = 0;
			shellPath = /bin/sh;
			shellScript = "diff \"${PODS_PODFILE_DIR_PATH}/Podfile.lock\" \"${PODS_ROOT}/Manifest.lock\" > /dev/null\nif [ $? != 0 ] ; then\n    # print error to STDERR\n    echo \"error: The sandbox is not in sync with the Podfile.lock. Run 'pod install' or update your CocoaPods installation.\" >&2\n    exit 1\nfi\n# This output is used by Xcode 'outputs' to avoid re-running this script phase.\necho \"SUCCESS\" > \"${SCRIPT_OUTPUT_FILE_0}\"\n";
			showEnvVarsInLog = 0;
		};
/* End PBXShellScriptBuildPhase section */

/* Begin PBXSourcesBuildPhase section */
		DD1EACD5283F4AA700EDAAF6 /* Sources */ = {
			isa = PBXSourcesBuildPhase;
			buildActionMask = 2147483647;
			files = (
				DD669787283F76DE00C7D551 /* RegisterScreen.swift in Sources */,
				DD1EACE1283F4AA700EDAAF6 /* LoginViewController.swift in Sources */,
				DD1EACF7283F4C6800EDAAF6 /* LoginScreen.swift in Sources */,
				DD669789283F76FC00C7D551 /* RegisterViewController.swift in Sources */,
				DD36EC4E284AF53D0027CB22 /* HomeScreen.swift in Sources */,
				DD36EC50284AF5780027CB22 /* HomeViewController.swift in Sources */,
				DD1EACDD283F4AA700EDAAF6 /* AppDelegate.swift in Sources */,
				DD1EACDF283F4AA700EDAAF6 /* SceneDelegate.swift in Sources */,
				DD8AA0442845938800962CC5 /* Alert.swift in Sources */,
			);
			runOnlyForDeploymentPostprocessing = 0;
		};
/* End PBXSourcesBuildPhase section */

/* Begin PBXVariantGroup section */
		DD1EACE7283F4AA800EDAAF6 /* LaunchScreen.storyboard */ = {
			isa = PBXVariantGroup;
			children = (
				DD1EACE8283F4AA800EDAAF6 /* Base */,
			);
			name = LaunchScreen.storyboard;
			sourceTree = "<group>";
		};
/* End PBXVariantGroup section */

/* Begin XCBuildConfiguration section */
		DD1EACEB283F4AA800EDAAF6 /* Debug */ = {
			isa = XCBuildConfiguration;
			buildSettings = {
				ALWAYS_SEARCH_USER_PATHS = NO;
				CLANG_ANALYZER_NONNULL = YES;
				CLANG_ANALYZER_NUMBER_OBJECT_CONVERSION = YES_AGGRESSIVE;
				CLANG_CXX_LANGUAGE_STANDARD = "gnu++17";
				CLANG_ENABLE_MODULES = YES;
				CLANG_ENABLE_OBJC_ARC = YES;
				CLANG_ENABLE_OBJC_WEAK = YES;
				CLANG_WARN_BLOCK_CAPTURE_AUTORELEASING = YES;
				CLANG_WARN_BOOL_CONVERSION = YES;
				CLANG_WARN_COMMA = YES;
				CLANG_WARN_CONSTANT_CONVERSION = YES;
				CLANG_WARN_DEPRECATED_OBJC_IMPLEMENTATIONS = YES;
				CLANG_WARN_DIRECT_OBJC_ISA_USAGE = YES_ERROR;
				CLANG_WARN_DOCUMENTATION_COMMENTS = YES;
				CLANG_WARN_EMPTY_BODY = YES;
				CLANG_WARN_ENUM_CONVERSION = YES;
				CLANG_WARN_INFINITE_RECURSION = YES;
				CLANG_WARN_INT_CONVERSION = YES;
				CLANG_WARN_NON_LITERAL_NULL_CONVERSION = YES;
				CLANG_WARN_OBJC_IMPLICIT_RETAIN_SELF = YES;
				CLANG_WARN_OBJC_LITERAL_CONVERSION = YES;
				CLANG_WARN_OBJC_ROOT_CLASS = YES_ERROR;
				CLANG_WARN_QUOTED_INCLUDE_IN_FRAMEWORK_HEADER = YES;
				CLANG_WARN_RANGE_LOOP_ANALYSIS = YES;
				CLANG_WARN_STRICT_PROTOTYPES = YES;
				CLANG_WARN_SUSPICIOUS_MOVE = YES;
				CLANG_WARN_UNGUARDED_AVAILABILITY = YES_AGGRESSIVE;
				CLANG_WARN_UNREACHABLE_CODE = YES;
				CLANG_WARN__DUPLICATE_METHOD_MATCH = YES;
				COPY_PHASE_STRIP = NO;
				DEBUG_INFORMATION_FORMAT = dwarf;
				ENABLE_STRICT_OBJC_MSGSEND = YES;
				ENABLE_TESTABILITY = YES;
				GCC_C_LANGUAGE_STANDARD = gnu11;
				GCC_DYNAMIC_NO_PIC = NO;
				GCC_NO_COMMON_BLOCKS = YES;
				GCC_OPTIMIZATION_LEVEL = 0;
				GCC_PREPROCESSOR_DEFINITIONS = (
					"DEBUG=1",
					"$(inherited)",
				);
				GCC_WARN_64_TO_32_BIT_CONVERSION = YES;
				GCC_WARN_ABOUT_RETURN_TYPE = YES_ERROR;
				GCC_WARN_UNDECLARED_SELECTOR = YES;
				GCC_WARN_UNINITIALIZED_AUTOS = YES_AGGRESSIVE;
				GCC_WARN_UNUSED_FUNCTION = YES;
				GCC_WARN_UNUSED_VARIABLE = YES;
				IPHONEOS_DEPLOYMENT_TARGET = 15.4;
				MTL_ENABLE_DEBUG_INFO = INCLUDE_SOURCE;
				MTL_FAST_MATH = YES;
				ONLY_ACTIVE_ARCH = YES;
				SDKROOT = iphoneos;
				SWIFT_ACTIVE_COMPILATION_CONDITIONS = DEBUG;
				SWIFT_OPTIMIZATION_LEVEL = "-Onone";
			};
			name = Debug;
		};
		DD1EACEC283F4AA800EDAAF6 /* Release */ = {
			isa = XCBuildConfiguration;
			buildSettings = {
				ALWAYS_SEARCH_USER_PATHS = NO;
				CLANG_ANALYZER_NONNULL = YES;
				CLANG_ANALYZER_NUMBER_OBJECT_CONVERSION = YES_AGGRESSIVE;
				CLANG_CXX_LANGUAGE_STANDARD = "gnu++17";
				CLANG_ENABLE_MODULES = YES;
				CLANG_ENABLE_OBJC_ARC = YES;
				CLANG_ENABLE_OBJC_WEAK = YES;
				CLANG_WARN_BLOCK_CAPTURE_AUTORELEASING = YES;
				CLANG_WARN_BOOL_CONVERSION = YES;
				CLANG_WARN_COMMA = YES;
				CLANG_WARN_CONSTANT_CONVERSION = YES;
				CLANG_WARN_DEPRECATED_OBJC_IMPLEMENTATIONS = YES;
				CLANG_WARN_DIRECT_OBJC_ISA_USAGE = YES_ERROR;
				CLANG_WARN_DOCUMENTATION_COMMENTS = YES;
				CLANG_WARN_EMPTY_BODY = YES;
				CLANG_WARN_ENUM_CONVERSION = YES;
				CLANG_WARN_INFINITE_RECURSION = YES;
				CLANG_WARN_INT_CONVERSION = YES;
				CLANG_WARN_NON_LITERAL_NULL_CONVERSION = YES;
				CLANG_WARN_OBJC_IMPLICIT_RETAIN_SELF = YES;
				CLANG_WARN_OBJC_LITERAL_CONVERSION = YES;
				CLANG_WARN_OBJC_ROOT_CLASS = YES_ERROR;
				CLANG_WARN_QUOTED_INCLUDE_IN_FRAMEWORK_HEADER = YES;
				CLANG_WARN_RANGE_LOOP_ANALYSIS = YES;
				CLANG_WARN_STRICT_PROTOTYPES = YES;
				CLANG_WARN_SUSPICIOUS_MOVE = YES;
				CLANG_WARN_UNGUARDED_AVAILABILITY = YES_AGGRESSIVE;
				CLANG_WARN_UNREACHABLE_CODE = YES;
				CLANG_WARN__DUPLICATE_METHOD_MATCH = YES;
				COPY_PHASE_STRIP = NO;
				DEBUG_INFORMATION_FORMAT = "dwarf-with-dsym";
				ENABLE_NS_ASSERTIONS = NO;
				ENABLE_STRICT_OBJC_MSGSEND = YES;
				GCC_C_LANGUAGE_STANDARD = gnu11;
				GCC_NO_COMMON_BLOCKS = YES;
				GCC_WARN_64_TO_32_BIT_CONVERSION = YES;
				GCC_WARN_ABOUT_RETURN_TYPE = YES_ERROR;
				GCC_WARN_UNDECLARED_SELECTOR = YES;
				GCC_WARN_UNINITIALIZED_AUTOS = YES_AGGRESSIVE;
				GCC_WARN_UNUSED_FUNCTION = YES;
				GCC_WARN_UNUSED_VARIABLE = YES;
				IPHONEOS_DEPLOYMENT_TARGET = 15.4;
				MTL_ENABLE_DEBUG_INFO = NO;
				MTL_FAST_MATH = YES;
				SDKROOT = iphoneos;
				SWIFT_COMPILATION_MODE = wholemodule;
				SWIFT_OPTIMIZATION_LEVEL = "-O";
				VALIDATE_PRODUCT = YES;
			};
			name = Release;
		};
		DD1EACEE283F4AA800EDAAF6 /* Debug */ = {
			isa = XCBuildConfiguration;
			baseConfigurationReference = EFAF2B00F0319056915A2CE5 /* Pods-MessageApp.debug.xcconfig */;
			buildSettings = {
				ASSETCATALOG_COMPILER_APPICON_NAME = AppIcon;
				ASSETCATALOG_COMPILER_GLOBAL_ACCENT_COLOR_NAME = AccentColor;
				CODE_SIGN_STYLE = Automatic;
				CURRENT_PROJECT_VERSION = 1;
				DEVELOPMENT_TEAM = Q949K445G8;
				GENERATE_INFOPLIST_FILE = YES;
				INFOPLIST_FILE = MessageApp/Info.plist;
				INFOPLIST_KEY_UIApplicationSupportsIndirectInputEvents = YES;
				INFOPLIST_KEY_UILaunchStoryboardName = LaunchScreen;
				INFOPLIST_KEY_UISupportedInterfaceOrientations_iPad = "UIInterfaceOrientationPortrait UIInterfaceOrientationPortraitUpsideDown UIInterfaceOrientationLandscapeLeft UIInterfaceOrientationLandscapeRight";
				INFOPLIST_KEY_UISupportedInterfaceOrientations_iPhone = "UIInterfaceOrientationPortrait UIInterfaceOrientationLandscapeLeft UIInterfaceOrientationLandscapeRight";
				LD_RUNPATH_SEARCH_PATHS = (
					"$(inherited)",
					"@executable_path/Frameworks",
				);
				MARKETING_VERSION = 1.0;
				PRODUCT_BUNDLE_IDENTIFIER = "com.victor-ps.MessageApp";
				PRODUCT_NAME = "$(TARGET_NAME)";
				SWIFT_EMIT_LOC_STRINGS = YES;
				SWIFT_VERSION = 5.0;
				TARGETED_DEVICE_FAMILY = "1,2";
			};
			name = Debug;
		};
		DD1EACEF283F4AA800EDAAF6 /* Release */ = {
			isa = XCBuildConfiguration;
			baseConfigurationReference = 68A47A0CD66B0AD7517230B6 /* Pods-MessageApp.release.xcconfig */;
			buildSettings = {
				ASSETCATALOG_COMPILER_APPICON_NAME = AppIcon;
				ASSETCATALOG_COMPILER_GLOBAL_ACCENT_COLOR_NAME = AccentColor;
				CODE_SIGN_STYLE = Automatic;
				CURRENT_PROJECT_VERSION = 1;
				DEVELOPMENT_TEAM = Q949K445G8;
				GENERATE_INFOPLIST_FILE = YES;
				INFOPLIST_FILE = MessageApp/Info.plist;
				INFOPLIST_KEY_UIApplicationSupportsIndirectInputEvents = YES;
				INFOPLIST_KEY_UILaunchStoryboardName = LaunchScreen;
				INFOPLIST_KEY_UISupportedInterfaceOrientations_iPad = "UIInterfaceOrientationPortrait UIInterfaceOrientationPortraitUpsideDown UIInterfaceOrientationLandscapeLeft UIInterfaceOrientationLandscapeRight";
				INFOPLIST_KEY_UISupportedInterfaceOrientations_iPhone = "UIInterfaceOrientationPortrait UIInterfaceOrientationLandscapeLeft UIInterfaceOrientationLandscapeRight";
				LD_RUNPATH_SEARCH_PATHS = (
					"$(inherited)",
					"@executable_path/Frameworks",
				);
				MARKETING_VERSION = 1.0;
				PRODUCT_BUNDLE_IDENTIFIER = "com.victor-ps.MessageApp";
				PRODUCT_NAME = "$(TARGET_NAME)";
				SWIFT_EMIT_LOC_STRINGS = YES;
				SWIFT_VERSION = 5.0;
				TARGETED_DEVICE_FAMILY = "1,2";
			};
			name = Release;
		};
/* End XCBuildConfiguration section */

/* Begin XCConfigurationList section */
		DD1EACD4283F4AA700EDAAF6 /* Build configuration list for PBXProject "MessageApp" */ = {
			isa = XCConfigurationList;
			buildConfigurations = (
				DD1EACEB283F4AA800EDAAF6 /* Debug */,
				DD1EACEC283F4AA800EDAAF6 /* Release */,
			);
			defaultConfigurationIsVisible = 0;
			defaultConfigurationName = Release;
		};
		DD1EACED283F4AA800EDAAF6 /* Build configuration list for PBXNativeTarget "MessageApp" */ = {
			isa = XCConfigurationList;
			buildConfigurations = (
				DD1EACEE283F4AA800EDAAF6 /* Debug */,
				DD1EACEF283F4AA800EDAAF6 /* Release */,
			);
			defaultConfigurationIsVisible = 0;
			defaultConfigurationName = Release;
		};
/* End XCConfigurationList section */
	};
	rootObject = DD1EACD1283F4AA700EDAAF6 /* Project object */;
}
